
Microsoft Visual Studio Solution File, Format Version 12.00
# Visual Studio Version 16
VisualStudioVersion = 16.0.31624.102
MinimumVisualStudioVersion = 10.0.40219.1
Project("{FAE04EC0-301F-11D3-BF4B-00C04F79EFBC}") = "Berek2020", "Berek2020\Berek2020.csproj", "{C4548E5E-0C99-4B45-987F-98C467F8F405}"
EndProject
Global
	GlobalSection(SolutionConfigurationPlatforms) = preSolution
		Debug|Any CPU = Debug|Any CPU
		Release|Any CPU = Release|Any CPU
	EndGlobalSection
	GlobalSection(ProjectConfigurationPlatforms) = postSolution
		{C4548E5E-0C99-4B45-987F-98C467F8F405}.Debug|Any CPU.ActiveCfg = Debug|Any CPU
		{C4548E5E-0C99-4B45-987F-98C467F8F405}.Debug|Any CPU.Build.0 = Debug|Any CPU
		{C4548E5E-0C99-4B45-987F-98C467F8F405}.Release|Any CPU.ActiveCfg = Release|Any CPU
		{C4548E5E-0C99-4B45-987F-98C467F8F405}.Release|Any CPU.Build.0 = Release|Any CPU
	EndGlobalSection
	GlobalSection(SolutionProperties) = preSolution
		HideSolutionNode = FALSE
	EndGlobalSection
	GlobalSection(ExtensibilityGlobals) = postSolution
		SolutionGuid = {FC84AF08-2110-4FE0-A396-33C4843D15AE}
	EndGlobalSection
EndGlobal
