
Microsoft Visual Studio Solution File, Format Version 12.00
# Visual Studio Version 16
VisualStudioVersion = 16.0.30907.101
MinimumVisualStudioVersion = 10.0.40219.1
Project("{FAE04EC0-301F-11D3-BF4B-00C04F79EFBC}") = "Sudoku", "Sudoku\Sudoku.csproj", "{4E62B28B-D40F-4905-AAF3-E21123AC8654}"
EndProject
Project("{FAE04EC0-301F-11D3-BF4B-00C04F79EFBC}") = "SudokuGUI", "SudokuGUI\SudokuGUI.csproj", "{E5DDDD47-4FFE-4994-B2C9-0B6C6479DB6F}"
EndProject
Global
	GlobalSection(SolutionConfigurationPlatforms) = preSolution
		Debug|Any CPU = Debug|Any CPU
		Release|Any CPU = Release|Any CPU
	EndGlobalSection
	GlobalSection(ProjectConfigurationPlatforms) = postSolution
		{4E62B28B-D40F-4905-AAF3-E21123AC8654}.Debug|Any CPU.ActiveCfg = Debug|Any CPU
		{4E62B28B-D40F-4905-AAF3-E21123AC8654}.Debug|Any CPU.Build.0 = Debug|Any CPU
		{4E62B28B-D40F-4905-AAF3-E21123AC8654}.Release|Any CPU.ActiveCfg = Release|Any CPU
		{4E62B28B-D40F-4905-AAF3-E21123AC8654}.Release|Any CPU.Build.0 = Release|Any CPU
		{E5DDDD47-4FFE-4994-B2C9-0B6C6479DB6F}.Debug|Any CPU.ActiveCfg = Debug|Any CPU
		{E5DDDD47-4FFE-4994-B2C9-0B6C6479DB6F}.Debug|Any CPU.Build.0 = Debug|Any CPU
		{E5DDDD47-4FFE-4994-B2C9-0B6C6479DB6F}.Release|Any CPU.ActiveCfg = Release|Any CPU
		{E5DDDD47-4FFE-4994-B2C9-0B6C6479DB6F}.Release|Any CPU.Build.0 = Release|Any CPU
	EndGlobalSection
	GlobalSection(SolutionProperties) = preSolution
		HideSolutionNode = FALSE
	EndGlobalSection
	GlobalSection(ExtensibilityGlobals) = postSolution
		SolutionGuid = {D9B078C9-9D41-4860-9CD8-9E3A60B7C988}
	EndGlobalSection
EndGlobal
