
Microsoft Visual Studio Solution File, Format Version 12.00
# Visual Studio Version 16
VisualStudioVersion = 16.0.31129.286
MinimumVisualStudioVersion = 10.0.40219.1
Project("{FAE04EC0-301F-11D3-BF4B-00C04F79EFBC}") = "Kivetelek", "Kivetelek\Kivetelek.csproj", "{49CB2E48-6480-40E3-8D2A-6757DF1DB025}"
EndProject
Project("{FAE04EC0-301F-11D3-BF4B-00C04F79EFBC}") = "WpfSebesseg", "WpfSebesseg\WpfSebesseg.csproj", "{A622939B-1D43-4703-90E5-BD32168E891A}"
EndProject
Global
	GlobalSection(SolutionConfigurationPlatforms) = preSolution
		Debug|Any CPU = Debug|Any CPU
		Release|Any CPU = Release|Any CPU
	EndGlobalSection
	GlobalSection(ProjectConfigurationPlatforms) = postSolution
		{49CB2E48-6480-40E3-8D2A-6757DF1DB025}.Debug|Any CPU.ActiveCfg = Debug|Any CPU
		{49CB2E48-6480-40E3-8D2A-6757DF1DB025}.Debug|Any CPU.Build.0 = Debug|Any CPU
		{49CB2E48-6480-40E3-8D2A-6757DF1DB025}.Release|Any CPU.ActiveCfg = Release|Any CPU
		{49CB2E48-6480-40E3-8D2A-6757DF1DB025}.Release|Any CPU.Build.0 = Release|Any CPU
		{A622939B-1D43-4703-90E5-BD32168E891A}.Debug|Any CPU.ActiveCfg = Debug|Any CPU
		{A622939B-1D43-4703-90E5-BD32168E891A}.Debug|Any CPU.Build.0 = Debug|Any CPU
		{A622939B-1D43-4703-90E5-BD32168E891A}.Release|Any CPU.ActiveCfg = Release|Any CPU
		{A622939B-1D43-4703-90E5-BD32168E891A}.Release|Any CPU.Build.0 = Release|Any CPU
	EndGlobalSection
	GlobalSection(SolutionProperties) = preSolution
		HideSolutionNode = FALSE
	EndGlobalSection
	GlobalSection(ExtensibilityGlobals) = postSolution
		SolutionGuid = {8D152E78-92EA-4D21-A267-B05D18780182}
	EndGlobalSection
EndGlobal
