
Microsoft Visual Studio Solution File, Format Version 12.00
# Visual Studio Version 16
VisualStudioVersion = 16.0.30907.101
MinimumVisualStudioVersion = 10.0.40219.1
Project("{FAE04EC0-301F-11D3-BF4B-00C04F79EFBC}") = "Snooker", "Snooker\Snooker.csproj", "{92B496B5-F061-4A90-91C1-8A5A05A610AC}"
EndProject
Global
	GlobalSection(SolutionConfigurationPlatforms) = preSolution
		Debug|Any CPU = Debug|Any CPU
		Release|Any CPU = Release|Any CPU
	EndGlobalSection
	GlobalSection(ProjectConfigurationPlatforms) = postSolution
		{92B496B5-F061-4A90-91C1-8A5A05A610AC}.Debug|Any CPU.ActiveCfg = Debug|Any CPU
		{92B496B5-F061-4A90-91C1-8A5A05A610AC}.Debug|Any CPU.Build.0 = Debug|Any CPU
		{92B496B5-F061-4A90-91C1-8A5A05A610AC}.Release|Any CPU.ActiveCfg = Release|Any CPU
		{92B496B5-F061-4A90-91C1-8A5A05A610AC}.Release|Any CPU.Build.0 = Release|Any CPU
	EndGlobalSection
	GlobalSection(SolutionProperties) = preSolution
		HideSolutionNode = FALSE
	EndGlobalSection
	GlobalSection(ExtensibilityGlobals) = postSolution
		SolutionGuid = {9D063FDC-26A4-4EAB-B22B-D2A269F431B0}
	EndGlobalSection
EndGlobal
